
Microsoft Visual Studio Solution File, Format Version 12.00
Project("{FAE04EC0-301F-11D3-BF4B-00C04F79EFBC}") = "BlazorApp1", "BlazorApp1\BlazorApp1.csproj", "{2BD690DA-871F-46C8-AA0E-D8B717A6F2D0}"
	ProjectSection(ProjectDependencies) = postProject
		{354C16F0-38F4-49AB-BC90-CD4E1DE19811} = {354C16F0-38F4-49AB-BC90-CD4E1DE19811}
	EndProjectSection
EndProject
Project("{FAE04EC0-301F-11D3-BF4B-00C04F79EFBC}") = "SiteAPI", "SiteAPI\SiteAPI.csproj", "{354C16F0-38F4-49AB-BC90-CD4E1DE19811}"
EndProject
Global
	GlobalSection(SolutionConfigurationPlatforms) = preSolution
		Debug|Any CPU = Debug|Any CPU
		Release|Any CPU = Release|Any CPU
	EndGlobalSection
	GlobalSection(ProjectConfigurationPlatforms) = postSolution
		{2BD690DA-871F-46C8-AA0E-D8B717A6F2D0}.Debug|Any CPU.ActiveCfg = Debug|Any CPU
		{2BD690DA-871F-46C8-AA0E-D8B717A6F2D0}.Debug|Any CPU.Build.0 = Debug|Any CPU
		{2BD690DA-871F-46C8-AA0E-D8B717A6F2D0}.Release|Any CPU.ActiveCfg = Release|Any CPU
		{2BD690DA-871F-46C8-AA0E-D8B717A6F2D0}.Release|Any CPU.Build.0 = Release|Any CPU
		{354C16F0-38F4-49AB-BC90-CD4E1DE19811}.Debug|Any CPU.ActiveCfg = Debug|Any CPU
		{354C16F0-38F4-49AB-BC90-CD4E1DE19811}.Debug|Any CPU.Build.0 = Debug|Any CPU
		{354C16F0-38F4-49AB-BC90-CD4E1DE19811}.Release|Any CPU.ActiveCfg = Release|Any CPU
		{354C16F0-38F4-49AB-BC90-CD4E1DE19811}.Release|Any CPU.Build.0 = Release|Any CPU
	EndGlobalSection
EndGlobal
